// !$*UTF8*$!
{
	archiveVersion = 1;
	classes = {
	};
	objectVersion = 46;
	objects = {

/* Begin PBXBuildFile section */
		12CE0BC016BCBC1E003D352A /* UIKit.framework in Frameworks */ = {isa = PBXBuildFile; fileRef = 12CE0BBF16BCBC1E003D352A /* UIKit.framework */; };
		12CE0BC216BCBC1E003D352A /* Foundation.framework in Frameworks */ = {isa = PBXBuildFile; fileRef = 12CE0BC116BCBC1E003D352A /* Foundation.framework */; };
		12CE0BC416BCBC1E003D352A /* CoreGraphics.framework in Frameworks */ = {isa = PBXBuildFile; fileRef = 12CE0BC316BCBC1E003D352A /* CoreGraphics.framework */; };
		12CE0BCA16BCBC1E003D352A /* InfoPlist.strings in Resources */ = {isa = PBXBuildFile; fileRef = 12CE0BC816BCBC1E003D352A /* InfoPlist.strings */; };
		12CE0BCC16BCBC1E003D352A /* main.m in Sources */ = {isa = PBXBuildFile; fileRef = 12CE0BCB16BCBC1E003D352A /* main.m */; };
		12CE0BD016BCBC1E003D352A /* Week3RecipeAppDelegate.m in Sources */ = {isa = PBXBuildFile; fileRef = 12CE0BCF16BCBC1E003D352A /* Week3RecipeAppDelegate.m */; };
		12CE0BD216BCBC1E003D352A /* Default.png in Resources */ = {isa = PBXBuildFile; fileRef = 12CE0BD116BCBC1E003D352A /* Default.png */; };
		12CE0BD416BCBC1E003D352A /* Default@2x.png in Resources */ = {isa = PBXBuildFile; fileRef = 12CE0BD316BCBC1E003D352A /* Default@2x.png */; };
		12CE0BD616BCBC1E003D352A /* Default-568h@2x.png in Resources */ = {isa = PBXBuildFile; fileRef = 12CE0BD516BCBC1E003D352A /* Default-568h@2x.png */; };
		12CE0BD916BCBC1E003D352A /* Week3RecipeMasterViewController.m in Sources */ = {isa = PBXBuildFile; fileRef = 12CE0BD816BCBC1E003D352A /* Week3RecipeMasterViewController.m */; };
		12CE0BDC16BCBC1E003D352A /* Week3RecipeDetailViewController.m in Sources */ = {isa = PBXBuildFile; fileRef = 12CE0BDB16BCBC1E003D352A /* Week3RecipeDetailViewController.m */; };
		12CE0BDF16BCBC1E003D352A /* Week3RecipeMasterViewController.xib in Resources */ = {isa = PBXBuildFile; fileRef = 12CE0BDD16BCBC1E003D352A /* Week3RecipeMasterViewController.xib */; };
		12CE0BE216BCBC1E003D352A /* Week3RecipeDetailViewController.xib in Resources */ = {isa = PBXBuildFile; fileRef = 12CE0BE016BCBC1E003D352A /* Week3RecipeDetailViewController.xib */; };
/* End PBXBuildFile section */

/* Begin PBXFileReference section */
		12CE0BBB16BCBC1E003D352A /* Week3Recipe.app */ = {isa = PBXFileReference; explicitFileType = wrapper.application; includeInIndex = 0; path = Week3Recipe.app; sourceTree = BUILT_PRODUCTS_DIR; };
		12CE0BBF16BCBC1E003D352A /* UIKit.framework */ = {isa = PBXFileReference; lastKnownFileType = wrapper.framework; name = UIKit.framework; path = System/Library/Frameworks/UIKit.framework; sourceTree = SDKROOT; };
		12CE0BC116BCBC1E003D352A /* Foundation.framework */ = {isa = PBXFileReference; lastKnownFileType = wrapper.framework; name = Foundation.framework; path = System/Library/Frameworks/Foundation.framework; sourceTree = SDKROOT; };
		12CE0BC316BCBC1E003D352A /* CoreGraphics.framework */ = {isa = PBXFileReference; lastKnownFileType = wrapper.framework; name = CoreGraphics.framework; path = System/Library/Frameworks/CoreGraphics.framework; sourceTree = SDKROOT; };
		12CE0BC716BCBC1E003D352A /* Week3Recipe-Info.plist */ = {isa = PBXFileReference; lastKnownFileType = text.plist.xml; path = "Week3Recipe-Info.plist"; sourceTree = "<group>"; };
		12CE0BC916BCBC1E003D352A /* en */ = {isa = PBXFileReference; lastKnownFileType = text.plist.strings; name = en; path = en.lproj/InfoPlist.strings; sourceTree = "<group>"; };
		12CE0BCB16BCBC1E003D352A /* main.m */ = {isa = PBXFileReference; lastKnownFileType = sourcecode.c.objc; path = main.m; sourceTree = "<group>"; };
		12CE0BCD16BCBC1E003D352A /* Week3Recipe-Prefix.pch */ = {isa = PBXFileReference; lastKnownFileType = sourcecode.c.h; path = "Week3Recipe-Prefix.pch"; sourceTree = "<group>"; };
		12CE0BCE16BCBC1E003D352A /* Week3RecipeAppDelegate.h */ = {isa = PBXFileReference; lastKnownFileType = sourcecode.c.h; path = Week3RecipeAppDelegate.h; sourceTree = "<group>"; };
		12CE0BCF16BCBC1E003D352A /* Week3RecipeAppDelegate.m */ = {isa = PBXFileReference; lastKnownFileType = sourcecode.c.objc; path = Week3RecipeAppDelegate.m; sourceTree = "<group>"; };
		12CE0BD116BCBC1E003D352A /* Default.png */ = {isa = PBXFileReference; lastKnownFileType = image.png; path = Default.png; sourceTree = "<group>"; };
		12CE0BD316BCBC1E003D352A /* Default@2x.png */ = {isa = PBXFileReference; lastKnownFileType = image.png; path = "Default@2x.png"; sourceTree = "<group>"; };
		12CE0BD516BCBC1E003D352A /* Default-568h@2x.png */ = {isa = PBXFileReference; lastKnownFileType = image.png; path = "Default-568h@2x.png"; sourceTree = "<group>"; };
		12CE0BD716BCBC1E003D352A /* Week3RecipeMasterViewController.h */ = {isa = PBXFileReference; lastKnownFileType = sourcecode.c.h; path = Week3RecipeMasterViewController.h; sourceTree = "<group>"; };
		12CE0BD816BCBC1E003D352A /* Week3RecipeMasterViewController.m */ = {isa = PBXFileReference; lastKnownFileType = sourcecode.c.objc; path = Week3RecipeMasterViewController.m; sourceTree = "<group>"; };
		12CE0BDA16BCBC1E003D352A /* Week3RecipeDetailViewController.h */ = {isa = PBXFileReference; lastKnownFileType = sourcecode.c.h; path = Week3RecipeDetailViewController.h; sourceTree = "<group>"; };
		12CE0BDB16BCBC1E003D352A /* Week3RecipeDetailViewController.m */ = {isa = PBXFileReference; lastKnownFileType = sourcecode.c.objc; path = Week3RecipeDetailViewController.m; sourceTree = "<group>"; };
		12CE0BDE16BCBC1E003D352A /* en */ = {isa = PBXFileReference; lastKnownFileType = file.xib; name = en; path = en.lproj/Week3RecipeMasterViewController.xib; sourceTree = "<group>"; };
		12CE0BE116BCBC1E003D352A /* en */ = {isa = PBXFileReference; lastKnownFileType = file.xib; name = en; path = en.lproj/Week3RecipeDetailViewController.xib; sourceTree = "<group>"; };
/* End PBXFileReference section */

/* Begin PBXFrameworksBuildPhase section */
		12CE0BB816BCBC1E003D352A /* Frameworks */ = {
			isa = PBXFrameworksBuildPhase;
			buildActionMask = 2147483647;
			files = (
				12CE0BC016BCBC1E003D352A /* UIKit.framework in Frameworks */,
				12CE0BC216BCBC1E003D352A /* Foundation.framework in Frameworks */,
				12CE0BC416BCBC1E003D352A /* CoreGraphics.framework in Frameworks */,
			);
			runOnlyForDeploymentPostprocessing = 0;
		};
/* End PBXFrameworksBuildPhase section */

/* Begin PBXGroup section */
		12CE0BB016BCBC1E003D352A = {
			isa = PBXGroup;
			children = (
				12CE0BC516BCBC1E003D352A /* Week3Recipe */,
				12CE0BBE16BCBC1E003D352A /* Frameworks */,
				12CE0BBC16BCBC1E003D352A /* Products */,
			);
			sourceTree = "<group>";
		};
		12CE0BBC16BCBC1E003D352A /* Products */ = {
			isa = PBXGroup;
			children = (
				12CE0BBB16BCBC1E003D352A /* Week3Recipe.app */,
			);
			name = Products;
			sourceTree = "<group>";
		};
		12CE0BBE16BCBC1E003D352A /* Frameworks */ = {
			isa = PBXGroup;
			children = (
				12CE0BBF16BCBC1E003D352A /* UIKit.framework */,
				12CE0BC116BCBC1E003D352A /* Foundation.framework */,
				12CE0BC316BCBC1E003D352A /* CoreGraphics.framework */,
			);
			name = Frameworks;
			sourceTree = "<group>";
		};
		12CE0BC516BCBC1E003D352A /* Week3Recipe */ = {
			isa = PBXGroup;
			children = (
				12CE0BCE16BCBC1E003D352A /* Week3RecipeAppDelegate.h */,
				12CE0BCF16BCBC1E003D352A /* Week3RecipeAppDelegate.m */,
				12CE0BD716BCBC1E003D352A /* Week3RecipeMasterViewController.h */,
				12CE0BD816BCBC1E003D352A /* Week3RecipeMasterViewController.m */,
				12CE0BDA16BCBC1E003D352A /* Week3RecipeDetailViewController.h */,
				12CE0BDB16BCBC1E003D352A /* Week3RecipeDetailViewController.m */,
				12CE0BDD16BCBC1E003D352A /* Week3RecipeMasterViewController.xib */,
				12CE0BE016BCBC1E003D352A /* Week3RecipeDetailViewController.xib */,
				12CE0BC616BCBC1E003D352A /* Supporting Files */,
			);
			path = Week3Recipe;
			sourceTree = "<group>";
		};
		12CE0BC616BCBC1E003D352A /* Supporting Files */ = {
			isa = PBXGroup;
			children = (
				12CE0BC716BCBC1E003D352A /* Week3Recipe-Info.plist */,
				12CE0BC816BCBC1E003D352A /* InfoPlist.strings */,
				12CE0BCB16BCBC1E003D352A /* main.m */,
				12CE0BCD16BCBC1E003D352A /* Week3Recipe-Prefix.pch */,
				12CE0BD116BCBC1E003D352A /* Default.png */,
				12CE0BD316BCBC1E003D352A /* Default@2x.png */,
				12CE0BD516BCBC1E003D352A /* Default-568h@2x.png */,
			);
			name = "Supporting Files";
			sourceTree = "<group>";
		};
/* End PBXGroup section */

/* Begin PBXNativeTarget section */
		12CE0BBA16BCBC1E003D352A /* Week3Recipe */ = {
			isa = PBXNativeTarget;
			buildConfigurationList = 12CE0BE516BCBC1E003D352A /* Build configuration list for PBXNativeTarget "Week3Recipe" */;
			buildPhases = (
				12CE0BB716BCBC1E003D352A /* Sources */,
				12CE0BB816BCBC1E003D352A /* Frameworks */,
				12CE0BB916BCBC1E003D352A /* Resources */,
			);
			buildRules = (
			);
			dependencies = (
			);
			name = Week3Recipe;
			productName = Week3Recipe;
			productReference = 12CE0BBB16BCBC1E003D352A /* Week3Recipe.app */;
			productType = "com.apple.product-type.application";
		};
/* End PBXNativeTarget section */

/* Begin PBXProject section */
		12CE0BB216BCBC1E003D352A /* Project object */ = {
			isa = PBXProject;
			attributes = {
				CLASSPREFIX = Week3Recipe;
				LastUpgradeCheck = 0450;
				ORGANIZATIONNAME = "RVC Student";
			};
			buildConfigurationList = 12CE0BB516BCBC1E003D352A /* Build configuration list for PBXProject "Week3Recipe" */;
			compatibilityVersion = "Xcode 3.2";
			developmentRegion = English;
			hasScannedForEncodings = 0;
			knownRegions = (
				en,
			);
			mainGroup = 12CE0BB016BCBC1E003D352A;
			productRefGroup = 12CE0BBC16BCBC1E003D352A /* Products */;
			projectDirPath = "";
			projectRoot = "";
			targets = (
				12CE0BBA16BCBC1E003D352A /* Week3Recipe */,
			);
		};
/* End PBXProject section */

/* Begin PBXResourcesBuildPhase section */
		12CE0BB916BCBC1E003D352A /* Resources */ = {
			isa = PBXResourcesBuildPhase;
			buildActionMask = 2147483647;
			files = (
				12CE0BCA16BCBC1E003D352A /* InfoPlist.strings in Resources */,
				12CE0BD216BCBC1E003D352A /* Default.png in Resources */,
				12CE0BD416BCBC1E003D352A /* Default@2x.png in Resources */,
				12CE0BD616BCBC1E003D352A /* Default-568h@2x.png in Resources */,
				12CE0BDF16BCBC1E003D352A /* Week3RecipeMasterViewController.xib in Resources */,
				12CE0BE216BCBC1E003D352A /* Week3RecipeDetailViewController.xib in Resources */,
			);
			runOnlyForDeploymentPostprocessing = 0;
		};
/* End PBXResourcesBuildPhase section */

/* Begin PBXSourcesBuildPhase section */
		12CE0BB716BCBC1E003D352A /* Sources */ = {
			isa = PBXSourcesBuildPhase;
			buildActionMask = 2147483647;
			files = (
				12CE0BCC16BCBC1E003D352A /* main.m in Sources */,
				12CE0BD016BCBC1E003D352A /* Week3RecipeAppDelegate.m in Sources */,
				12CE0BD916BCBC1E003D352A /* Week3RecipeMasterViewController.m in Sources */,
				12CE0BDC16BCBC1E003D352A /* Week3RecipeDetailViewController.m in Sources */,
			);
			runOnlyForDeploymentPostprocessing = 0;
		};
/* End PBXSourcesBuildPhase section */

/* Begin PBXVariantGroup section */
		12CE0BC816BCBC1E003D352A /* InfoPlist.strings */ = {
			isa = PBXVariantGroup;
			children = (
				12CE0BC916BCBC1E003D352A /* en */,
			);
			name = InfoPlist.strings;
			sourceTree = "<group>";
		};
		12CE0BDD16BCBC1E003D352A /* Week3RecipeMasterViewController.xib */ = {
			isa = PBXVariantGroup;
			children = (
				12CE0BDE16BCBC1E003D352A /* en */,
			);
			name = Week3RecipeMasterViewController.xib;
			sourceTree = "<group>";
		};
		12CE0BE016BCBC1E003D352A /* Week3RecipeDetailViewController.xib */ = {
			isa = PBXVariantGroup;
			children = (
				12CE0BE116BCBC1E003D352A /* en */,
			);
			name = Week3RecipeDetailViewController.xib;
			sourceTree = "<group>";
		};
/* End PBXVariantGroup section */

/* Begin XCBuildConfiguration section */
		12CE0BE316BCBC1E003D352A /* Debug */ = {
			isa = XCBuildConfiguration;
			buildSettings = {
				ALWAYS_SEARCH_USER_PATHS = NO;
				CLANG_CXX_LANGUAGE_STANDARD = "gnu++0x";
				CLANG_CXX_LIBRARY = "libc++";
				CLANG_WARN_EMPTY_BODY = YES;
				CLANG_WARN__DUPLICATE_METHOD_MATCH = YES;
				"CODE_SIGN_IDENTITY[sdk=iphoneos*]" = "iPhone Developer";
				COPY_PHASE_STRIP = NO;
				GCC_C_LANGUAGE_STANDARD = gnu99;
				GCC_DYNAMIC_NO_PIC = NO;
				GCC_OPTIMIZATION_LEVEL = 0;
				GCC_PREPROCESSOR_DEFINITIONS = (
					"DEBUG=1",
					"$(inherited)",
				);
				GCC_SYMBOLS_PRIVATE_EXTERN = NO;
				GCC_WARN_ABOUT_RETURN_TYPE = YES;
				GCC_WARN_UNINITIALIZED_AUTOS = YES;
				GCC_WARN_UNUSED_VARIABLE = YES;
				IPHONEOS_DEPLOYMENT_TARGET = 6.0;
				ONLY_ACTIVE_ARCH = YES;
				SDKROOT = iphoneos;
				TARGETED_DEVICE_FAMILY = 2;
			};
			name = Debug;
		};
		12CE0BE416BCBC1E003D352A /* Release */ = {
			isa = XCBuildConfiguration;
			buildSettings = {
				ALWAYS_SEARCH_USER_PATHS = NO;
				CLANG_CXX_LANGUAGE_STANDARD = "gnu++0x";
				CLANG_CXX_LIBRARY = "libc++";
				CLANG_WARN_EMPTY_BODY = YES;
				CLANG_WARN__DUPLICATE_METHOD_MATCH = YES;
				"CODE_SIGN_IDENTITY[sdk=iphoneos*]" = "iPhone Developer";
				COPY_PHASE_STRIP = YES;
				GCC_C_LANGUAGE_STANDARD = gnu99;
				GCC_WARN_ABOUT_RETURN_TYPE = YES;
				GCC_WARN_UNINITIALIZED_AUTOS = YES;
				GCC_WARN_UNUSED_VARIABLE = YES;
				IPHONEOS_DEPLOYMENT_TARGET = 6.0;
				OTHER_CFLAGS = "-DNS_BLOCK_ASSERTIONS=1";
				SDKROOT = iphoneos;
				TARGETED_DEVICE_FAMILY = 2;
				VALIDATE_PRODUCT = YES;
			};
			name = Release;
		};
		12CE0BE616BCBC1E003D352A /* Debug */ = {
			isa = XCBuildConfiguration;
			buildSettings = {
				GCC_PRECOMPILE_PREFIX_HEADER = YES;
				GCC_PREFIX_HEADER = "Week3Recipe/Week3Recipe-Prefix.pch";
				INFOPLIST_FILE = "Week3Recipe/Week3Recipe-Info.plist";
				PRODUCT_NAME = "$(TARGET_NAME)";
				WRAPPER_EXTENSION = app;
			};
			name = Debug;
		};
		12CE0BE716BCBC1E003D352A /* Release */ = {
			isa = XCBuildConfiguration;
			buildSettings = {
				GCC_PRECOMPILE_PREFIX_HEADER = YES;
				GCC_PREFIX_HEADER = "Week3Recipe/Week3Recipe-Prefix.pch";
				INFOPLIST_FILE = "Week3Recipe/Week3Recipe-Info.plist";
				PRODUCT_NAME = "$(TARGET_NAME)";
				WRAPPER_EXTENSION = app;
			};
			name = Release;
		};
/* End XCBuildConfiguration section */

/* Begin XCConfigurationList section */
		12CE0BB516BCBC1E003D352A /* Build configuration list for PBXProject "Week3Recipe" */ = {
			isa = XCConfigurationList;
			buildConfigurations = (
				12CE0BE316BCBC1E003D352A /* Debug */,
				12CE0BE416BCBC1E003D352A /* Release */,
			);
			defaultConfigurationIsVisible = 0;
			defaultConfigurationName = Release;
		};
		12CE0BE516BCBC1E003D352A /* Build configuration list for PBXNativeTarget "Week3Recipe" */ = {
			isa = XCConfigurationList;
			buildConfigurations = (
				12CE0BE616BCBC1E003D352A /* Debug */,
				12CE0BE716BCBC1E003D352A /* Release */,
			);
			defaultConfigurationIsVisible = 0;
		};
/* End XCConfigurationList section */
	};
	rootObject = 12CE0BB216BCBC1E003D352A /* Project object */;
}
