// !$*UTF8*$!
{
	archiveVersion = 1;
	classes = {
	};
	objectVersion = 46;
	objects = {

/* Begin PBXBuildFile section */
		125E832E16BDAAD4005E133C /* UIKit.framework in Frameworks */ = {isa = PBXBuildFile; fileRef = 125E832D16BDAAD4005E133C /* UIKit.framework */; };
		125E833016BDAAD4005E133C /* Foundation.framework in Frameworks */ = {isa = PBXBuildFile; fileRef = 125E832F16BDAAD4005E133C /* Foundation.framework */; };
		125E833216BDAAD4005E133C /* CoreGraphics.framework in Frameworks */ = {isa = PBXBuildFile; fileRef = 125E833116BDAAD4005E133C /* CoreGraphics.framework */; };
		125E833816BDAAD4005E133C /* InfoPlist.strings in Resources */ = {isa = PBXBuildFile; fileRef = 125E833616BDAAD4005E133C /* InfoPlist.strings */; };
		125E833A16BDAAD4005E133C /* main.m in Sources */ = {isa = PBXBuildFile; fileRef = 125E833916BDAAD4005E133C /* main.m */; };
		125E833E16BDAAD4005E133C /* DenzelIMDBAppDelegate.m in Sources */ = {isa = PBXBuildFile; fileRef = 125E833D16BDAAD4005E133C /* DenzelIMDBAppDelegate.m */; };
		125E834016BDAAD4005E133C /* Default.png in Resources */ = {isa = PBXBuildFile; fileRef = 125E833F16BDAAD4005E133C /* Default.png */; };
		125E834216BDAAD4005E133C /* Default@2x.png in Resources */ = {isa = PBXBuildFile; fileRef = 125E834116BDAAD4005E133C /* Default@2x.png */; };
		125E834416BDAAD4005E133C /* Default-568h@2x.png in Resources */ = {isa = PBXBuildFile; fileRef = 125E834316BDAAD4005E133C /* Default-568h@2x.png */; };
		125E834716BDAAD4005E133C /* DenzelIMDBMasterViewController.m in Sources */ = {isa = PBXBuildFile; fileRef = 125E834616BDAAD4005E133C /* DenzelIMDBMasterViewController.m */; };
		125E834A16BDAAD4005E133C /* DenzelIMDBDetailViewController.m in Sources */ = {isa = PBXBuildFile; fileRef = 125E834916BDAAD4005E133C /* DenzelIMDBDetailViewController.m */; };
		125E834D16BDAAD4005E133C /* DenzelIMDBMasterViewController_iPhone.xib in Resources */ = {isa = PBXBuildFile; fileRef = 125E834B16BDAAD4005E133C /* DenzelIMDBMasterViewController_iPhone.xib */; };
		125E835016BDAAD4005E133C /* DenzelIMDBMasterViewController_iPad.xib in Resources */ = {isa = PBXBuildFile; fileRef = 125E834E16BDAAD4005E133C /* DenzelIMDBMasterViewController_iPad.xib */; };
		125E835316BDAAD4005E133C /* DenzelIMDBDetailViewController_iPhone.xib in Resources */ = {isa = PBXBuildFile; fileRef = 125E835116BDAAD4005E133C /* DenzelIMDBDetailViewController_iPhone.xib */; };
		125E835616BDAAD4005E133C /* DenzelIMDBDetailViewController_iPad.xib in Resources */ = {isa = PBXBuildFile; fileRef = 125E835416BDAAD4005E133C /* DenzelIMDBDetailViewController_iPad.xib */; };
		125E836016BDB094005E133C /* denzel7272.jpg in Resources */ = {isa = PBXBuildFile; fileRef = 125E836216BDB094005E133C /* denzel7272.jpg */; };
		125E836316BDB099005E133C /* denzel5757.jpg in Resources */ = {isa = PBXBuildFile; fileRef = 125E836516BDB099005E133C /* denzel5757.jpg */; };
/* End PBXBuildFile section */

/* Begin PBXFileReference section */
		125E832916BDAAD4005E133C /* DenzelIMDB.app */ = {isa = PBXFileReference; explicitFileType = wrapper.application; includeInIndex = 0; path = DenzelIMDB.app; sourceTree = BUILT_PRODUCTS_DIR; };
		125E832D16BDAAD4005E133C /* UIKit.framework */ = {isa = PBXFileReference; lastKnownFileType = wrapper.framework; name = UIKit.framework; path = System/Library/Frameworks/UIKit.framework; sourceTree = SDKROOT; };
		125E832F16BDAAD4005E133C /* Foundation.framework */ = {isa = PBXFileReference; lastKnownFileType = wrapper.framework; name = Foundation.framework; path = System/Library/Frameworks/Foundation.framework; sourceTree = SDKROOT; };
		125E833116BDAAD4005E133C /* CoreGraphics.framework */ = {isa = PBXFileReference; lastKnownFileType = wrapper.framework; name = CoreGraphics.framework; path = System/Library/Frameworks/CoreGraphics.framework; sourceTree = SDKROOT; };
		125E833516BDAAD4005E133C /* DenzelIMDB-Info.plist */ = {isa = PBXFileReference; lastKnownFileType = text.plist.xml; path = "DenzelIMDB-Info.plist"; sourceTree = "<group>"; };
		125E833716BDAAD4005E133C /* en */ = {isa = PBXFileReference; lastKnownFileType = text.plist.strings; name = en; path = en.lproj/InfoPlist.strings; sourceTree = "<group>"; };
		125E833916BDAAD4005E133C /* main.m */ = {isa = PBXFileReference; lastKnownFileType = sourcecode.c.objc; path = main.m; sourceTree = "<group>"; };
		125E833B16BDAAD4005E133C /* DenzelIMDB-Prefix.pch */ = {isa = PBXFileReference; lastKnownFileType = sourcecode.c.h; path = "DenzelIMDB-Prefix.pch"; sourceTree = "<group>"; };
		125E833C16BDAAD4005E133C /* DenzelIMDBAppDelegate.h */ = {isa = PBXFileReference; lastKnownFileType = sourcecode.c.h; path = DenzelIMDBAppDelegate.h; sourceTree = "<group>"; };
		125E833D16BDAAD4005E133C /* DenzelIMDBAppDelegate.m */ = {isa = PBXFileReference; lastKnownFileType = sourcecode.c.objc; path = DenzelIMDBAppDelegate.m; sourceTree = "<group>"; };
		125E833F16BDAAD4005E133C /* Default.png */ = {isa = PBXFileReference; lastKnownFileType = image.png; path = Default.png; sourceTree = "<group>"; };
		125E834116BDAAD4005E133C /* Default@2x.png */ = {isa = PBXFileReference; lastKnownFileType = image.png; path = "Default@2x.png"; sourceTree = "<group>"; };
		125E834316BDAAD4005E133C /* Default-568h@2x.png */ = {isa = PBXFileReference; lastKnownFileType = image.png; path = "Default-568h@2x.png"; sourceTree = "<group>"; };
		125E834516BDAAD4005E133C /* DenzelIMDBMasterViewController.h */ = {isa = PBXFileReference; lastKnownFileType = sourcecode.c.h; path = DenzelIMDBMasterViewController.h; sourceTree = "<group>"; };
		125E834616BDAAD4005E133C /* DenzelIMDBMasterViewController.m */ = {isa = PBXFileReference; lastKnownFileType = sourcecode.c.objc; path = DenzelIMDBMasterViewController.m; sourceTree = "<group>"; };
		125E834816BDAAD4005E133C /* DenzelIMDBDetailViewController.h */ = {isa = PBXFileReference; lastKnownFileType = sourcecode.c.h; path = DenzelIMDBDetailViewController.h; sourceTree = "<group>"; };
		125E834916BDAAD4005E133C /* DenzelIMDBDetailViewController.m */ = {isa = PBXFileReference; lastKnownFileType = sourcecode.c.objc; path = DenzelIMDBDetailViewController.m; sourceTree = "<group>"; };
		125E834C16BDAAD4005E133C /* en */ = {isa = PBXFileReference; lastKnownFileType = file.xib; name = en; path = en.lproj/DenzelIMDBMasterViewController_iPhone.xib; sourceTree = "<group>"; };
		125E834F16BDAAD4005E133C /* en */ = {isa = PBXFileReference; lastKnownFileType = file.xib; name = en; path = en.lproj/DenzelIMDBMasterViewController_iPad.xib; sourceTree = "<group>"; };
		125E835216BDAAD4005E133C /* en */ = {isa = PBXFileReference; lastKnownFileType = file.xib; name = en; path = en.lproj/DenzelIMDBDetailViewController_iPhone.xib; sourceTree = "<group>"; };
		125E835516BDAAD4005E133C /* en */ = {isa = PBXFileReference; lastKnownFileType = file.xib; name = en; path = en.lproj/DenzelIMDBDetailViewController_iPad.xib; sourceTree = "<group>"; };
		125E836116BDB094005E133C /* en */ = {isa = PBXFileReference; lastKnownFileType = image.jpeg; name = en; path = en.lproj/denzel7272.jpg; sourceTree = "<group>"; };
		125E836416BDB099005E133C /* en */ = {isa = PBXFileReference; lastKnownFileType = image.jpeg; name = en; path = en.lproj/denzel5757.jpg; sourceTree = "<group>"; };
/* End PBXFileReference section */

/* Begin PBXFrameworksBuildPhase section */
		125E832616BDAAD4005E133C /* Frameworks */ = {
			isa = PBXFrameworksBuildPhase;
			buildActionMask = 2147483647;
			files = (
				125E832E16BDAAD4005E133C /* UIKit.framework in Frameworks */,
				125E833016BDAAD4005E133C /* Foundation.framework in Frameworks */,
				125E833216BDAAD4005E133C /* CoreGraphics.framework in Frameworks */,
			);
			runOnlyForDeploymentPostprocessing = 0;
		};
/* End PBXFrameworksBuildPhase section */

/* Begin PBXGroup section */
		125E831E16BDAAD4005E133C = {
			isa = PBXGroup;
			children = (
				125E833316BDAAD4005E133C /* DenzelIMDB */,
				125E832C16BDAAD4005E133C /* Frameworks */,
				125E832A16BDAAD4005E133C /* Products */,
			);
			sourceTree = "<group>";
		};
		125E832A16BDAAD4005E133C /* Products */ = {
			isa = PBXGroup;
			children = (
				125E832916BDAAD4005E133C /* DenzelIMDB.app */,
			);
			name = Products;
			sourceTree = "<group>";
		};
		125E832C16BDAAD4005E133C /* Frameworks */ = {
			isa = PBXGroup;
			children = (
				125E832D16BDAAD4005E133C /* UIKit.framework */,
				125E832F16BDAAD4005E133C /* Foundation.framework */,
				125E833116BDAAD4005E133C /* CoreGraphics.framework */,
			);
			name = Frameworks;
			sourceTree = "<group>";
		};
		125E833316BDAAD4005E133C /* DenzelIMDB */ = {
			isa = PBXGroup;
			children = (
				125E833C16BDAAD4005E133C /* DenzelIMDBAppDelegate.h */,
				125E833D16BDAAD4005E133C /* DenzelIMDBAppDelegate.m */,
				125E834516BDAAD4005E133C /* DenzelIMDBMasterViewController.h */,
				125E834616BDAAD4005E133C /* DenzelIMDBMasterViewController.m */,
				125E834816BDAAD4005E133C /* DenzelIMDBDetailViewController.h */,
				125E834916BDAAD4005E133C /* DenzelIMDBDetailViewController.m */,
				125E834B16BDAAD4005E133C /* DenzelIMDBMasterViewController_iPhone.xib */,
				125E834E16BDAAD4005E133C /* DenzelIMDBMasterViewController_iPad.xib */,
				125E835116BDAAD4005E133C /* DenzelIMDBDetailViewController_iPhone.xib */,
				125E835416BDAAD4005E133C /* DenzelIMDBDetailViewController_iPad.xib */,
				125E833416BDAAD4005E133C /* Supporting Files */,
			);
			path = DenzelIMDB;
			sourceTree = "<group>";
		};
		125E833416BDAAD4005E133C /* Supporting Files */ = {
			isa = PBXGroup;
			children = (
				125E836216BDB094005E133C /* denzel7272.jpg */,
				125E836516BDB099005E133C /* denzel5757.jpg */,
				125E833516BDAAD4005E133C /* DenzelIMDB-Info.plist */,
				125E833616BDAAD4005E133C /* InfoPlist.strings */,
				125E833916BDAAD4005E133C /* main.m */,
				125E833B16BDAAD4005E133C /* DenzelIMDB-Prefix.pch */,
				125E833F16BDAAD4005E133C /* Default.png */,
				125E834116BDAAD4005E133C /* Default@2x.png */,
				125E834316BDAAD4005E133C /* Default-568h@2x.png */,
			);
			name = "Supporting Files";
			sourceTree = "<group>";
		};
/* End PBXGroup section */

/* Begin PBXNativeTarget section */
		125E832816BDAAD4005E133C /* DenzelIMDB */ = {
			isa = PBXNativeTarget;
			buildConfigurationList = 125E835916BDAAD4005E133C /* Build configuration list for PBXNativeTarget "DenzelIMDB" */;
			buildPhases = (
				125E832516BDAAD4005E133C /* Sources */,
				125E832616BDAAD4005E133C /* Frameworks */,
				125E832716BDAAD4005E133C /* Resources */,
			);
			buildRules = (
			);
			dependencies = (
			);
			name = DenzelIMDB;
			productName = DenzelIMDB;
			productReference = 125E832916BDAAD4005E133C /* DenzelIMDB.app */;
			productType = "com.apple.product-type.application";
		};
/* End PBXNativeTarget section */

/* Begin PBXProject section */
		125E832016BDAAD4005E133C /* Project object */ = {
			isa = PBXProject;
			attributes = {
				CLASSPREFIX = DenzelIMDB;
				LastUpgradeCheck = 0450;
				ORGANIZATIONNAME = "RVC Student";
			};
			buildConfigurationList = 125E832316BDAAD4005E133C /* Build configuration list for PBXProject "DenzelIMDB" */;
			compatibilityVersion = "Xcode 3.2";
			developmentRegion = English;
			hasScannedForEncodings = 0;
			knownRegions = (
				en,
			);
			mainGroup = 125E831E16BDAAD4005E133C;
			productRefGroup = 125E832A16BDAAD4005E133C /* Products */;
			projectDirPath = "";
			projectRoot = "";
			targets = (
				125E832816BDAAD4005E133C /* DenzelIMDB */,
			);
		};
/* End PBXProject section */

/* Begin PBXResourcesBuildPhase section */
		125E832716BDAAD4005E133C /* Resources */ = {
			isa = PBXResourcesBuildPhase;
			buildActionMask = 2147483647;
			files = (
				125E833816BDAAD4005E133C /* InfoPlist.strings in Resources */,
				125E834016BDAAD4005E133C /* Default.png in Resources */,
				125E834216BDAAD4005E133C /* Default@2x.png in Resources */,
				125E834416BDAAD4005E133C /* Default-568h@2x.png in Resources */,
				125E834D16BDAAD4005E133C /* DenzelIMDBMasterViewController_iPhone.xib in Resources */,
				125E835016BDAAD4005E133C /* DenzelIMDBMasterViewController_iPad.xib in Resources */,
				125E835316BDAAD4005E133C /* DenzelIMDBDetailViewController_iPhone.xib in Resources */,
				125E835616BDAAD4005E133C /* DenzelIMDBDetailViewController_iPad.xib in Resources */,
				125E836016BDB094005E133C /* denzel7272.jpg in Resources */,
				125E836316BDB099005E133C /* denzel5757.jpg in Resources */,
			);
			runOnlyForDeploymentPostprocessing = 0;
		};
/* End PBXResourcesBuildPhase section */

/* Begin PBXSourcesBuildPhase section */
		125E832516BDAAD4005E133C /* Sources */ = {
			isa = PBXSourcesBuildPhase;
			buildActionMask = 2147483647;
			files = (
				125E833A16BDAAD4005E133C /* main.m in Sources */,
				125E833E16BDAAD4005E133C /* DenzelIMDBAppDelegate.m in Sources */,
				125E834716BDAAD4005E133C /* DenzelIMDBMasterViewController.m in Sources */,
				125E834A16BDAAD4005E133C /* DenzelIMDBDetailViewController.m in Sources */,
			);
			runOnlyForDeploymentPostprocessing = 0;
		};
/* End PBXSourcesBuildPhase section */

/* Begin PBXVariantGroup section */
		125E833616BDAAD4005E133C /* InfoPlist.strings */ = {
			isa = PBXVariantGroup;
			children = (
				125E833716BDAAD4005E133C /* en */,
			);
			name = InfoPlist.strings;
			sourceTree = "<group>";
		};
		125E834B16BDAAD4005E133C /* DenzelIMDBMasterViewController_iPhone.xib */ = {
			isa = PBXVariantGroup;
			children = (
				125E834C16BDAAD4005E133C /* en */,
			);
			name = DenzelIMDBMasterViewController_iPhone.xib;
			sourceTree = "<group>";
		};
		125E834E16BDAAD4005E133C /* DenzelIMDBMasterViewController_iPad.xib */ = {
			isa = PBXVariantGroup;
			children = (
				125E834F16BDAAD4005E133C /* en */,
			);
			name = DenzelIMDBMasterViewController_iPad.xib;
			sourceTree = "<group>";
		};
		125E835116BDAAD4005E133C /* DenzelIMDBDetailViewController_iPhone.xib */ = {
			isa = PBXVariantGroup;
			children = (
				125E835216BDAAD4005E133C /* en */,
			);
			name = DenzelIMDBDetailViewController_iPhone.xib;
			sourceTree = "<group>";
		};
		125E835416BDAAD4005E133C /* DenzelIMDBDetailViewController_iPad.xib */ = {
			isa = PBXVariantGroup;
			children = (
				125E835516BDAAD4005E133C /* en */,
			);
			name = DenzelIMDBDetailViewController_iPad.xib;
			sourceTree = "<group>";
		};
		125E836216BDB094005E133C /* denzel7272.jpg */ = {
			isa = PBXVariantGroup;
			children = (
				125E836116BDB094005E133C /* en */,
			);
			name = denzel7272.jpg;
			sourceTree = "<group>";
		};
		125E836516BDB099005E133C /* denzel5757.jpg */ = {
			isa = PBXVariantGroup;
			children = (
				125E836416BDB099005E133C /* en */,
			);
			name = denzel5757.jpg;
			sourceTree = "<group>";
		};
/* End PBXVariantGroup section */

/* Begin XCBuildConfiguration section */
		125E835716BDAAD4005E133C /* Debug */ = {
			isa = XCBuildConfiguration;
			buildSettings = {
				ALWAYS_SEARCH_USER_PATHS = NO;
				CLANG_CXX_LANGUAGE_STANDARD = "gnu++0x";
				CLANG_CXX_LIBRARY = "libc++";
				CLANG_WARN_EMPTY_BODY = YES;
				CLANG_WARN__DUPLICATE_METHOD_MATCH = YES;
				"CODE_SIGN_IDENTITY[sdk=iphoneos*]" = "iPhone Developer";
				COPY_PHASE_STRIP = NO;
				GCC_C_LANGUAGE_STANDARD = gnu99;
				GCC_DYNAMIC_NO_PIC = NO;
				GCC_OPTIMIZATION_LEVEL = 0;
				GCC_PREPROCESSOR_DEFINITIONS = (
					"DEBUG=1",
					"$(inherited)",
				);
				GCC_SYMBOLS_PRIVATE_EXTERN = NO;
				GCC_WARN_ABOUT_RETURN_TYPE = YES;
				GCC_WARN_UNINITIALIZED_AUTOS = YES;
				GCC_WARN_UNUSED_VARIABLE = YES;
				IPHONEOS_DEPLOYMENT_TARGET = 6.0;
				ONLY_ACTIVE_ARCH = YES;
				SDKROOT = iphoneos;
				TARGETED_DEVICE_FAMILY = "1,2";
			};
			name = Debug;
		};
		125E835816BDAAD4005E133C /* Release */ = {
			isa = XCBuildConfiguration;
			buildSettings = {
				ALWAYS_SEARCH_USER_PATHS = NO;
				CLANG_CXX_LANGUAGE_STANDARD = "gnu++0x";
				CLANG_CXX_LIBRARY = "libc++";
				CLANG_WARN_EMPTY_BODY = YES;
				CLANG_WARN__DUPLICATE_METHOD_MATCH = YES;
				"CODE_SIGN_IDENTITY[sdk=iphoneos*]" = "iPhone Developer";
				COPY_PHASE_STRIP = YES;
				GCC_C_LANGUAGE_STANDARD = gnu99;
				GCC_WARN_ABOUT_RETURN_TYPE = YES;
				GCC_WARN_UNINITIALIZED_AUTOS = YES;
				GCC_WARN_UNUSED_VARIABLE = YES;
				IPHONEOS_DEPLOYMENT_TARGET = 6.0;
				OTHER_CFLAGS = "-DNS_BLOCK_ASSERTIONS=1";
				SDKROOT = iphoneos;
				TARGETED_DEVICE_FAMILY = "1,2";
				VALIDATE_PRODUCT = YES;
			};
			name = Release;
		};
		125E835A16BDAAD4005E133C /* Debug */ = {
			isa = XCBuildConfiguration;
			buildSettings = {
				GCC_PRECOMPILE_PREFIX_HEADER = YES;
				GCC_PREFIX_HEADER = "DenzelIMDB/DenzelIMDB-Prefix.pch";
				INFOPLIST_FILE = "DenzelIMDB/DenzelIMDB-Info.plist";
				PRODUCT_NAME = "$(TARGET_NAME)";
				WRAPPER_EXTENSION = app;
			};
			name = Debug;
		};
		125E835B16BDAAD4005E133C /* Release */ = {
			isa = XCBuildConfiguration;
			buildSettings = {
				GCC_PRECOMPILE_PREFIX_HEADER = YES;
				GCC_PREFIX_HEADER = "DenzelIMDB/DenzelIMDB-Prefix.pch";
				INFOPLIST_FILE = "DenzelIMDB/DenzelIMDB-Info.plist";
				PRODUCT_NAME = "$(TARGET_NAME)";
				WRAPPER_EXTENSION = app;
			};
			name = Release;
		};
/* End XCBuildConfiguration section */

/* Begin XCConfigurationList section */
		125E832316BDAAD4005E133C /* Build configuration list for PBXProject "DenzelIMDB" */ = {
			isa = XCConfigurationList;
			buildConfigurations = (
				125E835716BDAAD4005E133C /* Debug */,
				125E835816BDAAD4005E133C /* Release */,
			);
			defaultConfigurationIsVisible = 0;
			defaultConfigurationName = Release;
		};
		125E835916BDAAD4005E133C /* Build configuration list for PBXNativeTarget "DenzelIMDB" */ = {
			isa = XCConfigurationList;
			buildConfigurations = (
				125E835A16BDAAD4005E133C /* Debug */,
				125E835B16BDAAD4005E133C /* Release */,
			);
			defaultConfigurationIsVisible = 0;
		};
/* End XCConfigurationList section */
	};
	rootObject = 125E832016BDAAD4005E133C /* Project object */;
}
