// !$*UTF8*$!
{
	archiveVersion = 1;
	classes = {
	};
	objectVersion = 46;
	objects = {

/* Begin PBXBuildFile section */
		12746D0016BCE4C7008F0692 /* UIKit.framework in Frameworks */ = {isa = PBXBuildFile; fileRef = 12746CFF16BCE4C7008F0692 /* UIKit.framework */; };
		12746D0216BCE4C7008F0692 /* Foundation.framework in Frameworks */ = {isa = PBXBuildFile; fileRef = 12746D0116BCE4C7008F0692 /* Foundation.framework */; };
		12746D0416BCE4C7008F0692 /* CoreGraphics.framework in Frameworks */ = {isa = PBXBuildFile; fileRef = 12746D0316BCE4C7008F0692 /* CoreGraphics.framework */; };
		12746D0A16BCE4C7008F0692 /* InfoPlist.strings in Resources */ = {isa = PBXBuildFile; fileRef = 12746D0816BCE4C7008F0692 /* InfoPlist.strings */; };
		12746D0C16BCE4C7008F0692 /* main.m in Sources */ = {isa = PBXBuildFile; fileRef = 12746D0B16BCE4C7008F0692 /* main.m */; };
		12746D1016BCE4C7008F0692 /* RecipesAppDelegate.m in Sources */ = {isa = PBXBuildFile; fileRef = 12746D0F16BCE4C7008F0692 /* RecipesAppDelegate.m */; };
		12746D1216BCE4C7008F0692 /* Default.png in Resources */ = {isa = PBXBuildFile; fileRef = 12746D1116BCE4C7008F0692 /* Default.png */; };
		12746D1416BCE4C7008F0692 /* Default@2x.png in Resources */ = {isa = PBXBuildFile; fileRef = 12746D1316BCE4C7008F0692 /* Default@2x.png */; };
		12746D1616BCE4C7008F0692 /* Default-568h@2x.png in Resources */ = {isa = PBXBuildFile; fileRef = 12746D1516BCE4C7008F0692 /* Default-568h@2x.png */; };
		12746D1916BCE4C7008F0692 /* MainStoryboard.storyboard in Resources */ = {isa = PBXBuildFile; fileRef = 12746D1716BCE4C7008F0692 /* MainStoryboard.storyboard */; };
		12746D1C16BCE4C7008F0692 /* RecipesMasterViewController.m in Sources */ = {isa = PBXBuildFile; fileRef = 12746D1B16BCE4C7008F0692 /* RecipesMasterViewController.m */; };
		12746D1F16BCE4C7008F0692 /* RecipesDetailViewController.m in Sources */ = {isa = PBXBuildFile; fileRef = 12746D1E16BCE4C7008F0692 /* RecipesDetailViewController.m */; };
/* End PBXBuildFile section */

/* Begin PBXFileReference section */
		12746CFB16BCE4C7008F0692 /* Recipes.app */ = {isa = PBXFileReference; explicitFileType = wrapper.application; includeInIndex = 0; path = Recipes.app; sourceTree = BUILT_PRODUCTS_DIR; };
		12746CFF16BCE4C7008F0692 /* UIKit.framework */ = {isa = PBXFileReference; lastKnownFileType = wrapper.framework; name = UIKit.framework; path = System/Library/Frameworks/UIKit.framework; sourceTree = SDKROOT; };
		12746D0116BCE4C7008F0692 /* Foundation.framework */ = {isa = PBXFileReference; lastKnownFileType = wrapper.framework; name = Foundation.framework; path = System/Library/Frameworks/Foundation.framework; sourceTree = SDKROOT; };
		12746D0316BCE4C7008F0692 /* CoreGraphics.framework */ = {isa = PBXFileReference; lastKnownFileType = wrapper.framework; name = CoreGraphics.framework; path = System/Library/Frameworks/CoreGraphics.framework; sourceTree = SDKROOT; };
		12746D0716BCE4C7008F0692 /* Recipes-Info.plist */ = {isa = PBXFileReference; lastKnownFileType = text.plist.xml; path = "Recipes-Info.plist"; sourceTree = "<group>"; };
		12746D0916BCE4C7008F0692 /* en */ = {isa = PBXFileReference; lastKnownFileType = text.plist.strings; name = en; path = en.lproj/InfoPlist.strings; sourceTree = "<group>"; };
		12746D0B16BCE4C7008F0692 /* main.m */ = {isa = PBXFileReference; lastKnownFileType = sourcecode.c.objc; path = main.m; sourceTree = "<group>"; };
		12746D0D16BCE4C7008F0692 /* Recipes-Prefix.pch */ = {isa = PBXFileReference; lastKnownFileType = sourcecode.c.h; path = "Recipes-Prefix.pch"; sourceTree = "<group>"; };
		12746D0E16BCE4C7008F0692 /* RecipesAppDelegate.h */ = {isa = PBXFileReference; lastKnownFileType = sourcecode.c.h; path = RecipesAppDelegate.h; sourceTree = "<group>"; };
		12746D0F16BCE4C7008F0692 /* RecipesAppDelegate.m */ = {isa = PBXFileReference; lastKnownFileType = sourcecode.c.objc; path = RecipesAppDelegate.m; sourceTree = "<group>"; };
		12746D1116BCE4C7008F0692 /* Default.png */ = {isa = PBXFileReference; lastKnownFileType = image.png; path = Default.png; sourceTree = "<group>"; };
		12746D1316BCE4C7008F0692 /* Default@2x.png */ = {isa = PBXFileReference; lastKnownFileType = image.png; path = "Default@2x.png"; sourceTree = "<group>"; };
		12746D1516BCE4C7008F0692 /* Default-568h@2x.png */ = {isa = PBXFileReference; lastKnownFileType = image.png; path = "Default-568h@2x.png"; sourceTree = "<group>"; };
		12746D1816BCE4C7008F0692 /* en */ = {isa = PBXFileReference; lastKnownFileType = file.storyboard; name = en; path = en.lproj/MainStoryboard.storyboard; sourceTree = "<group>"; };
		12746D1A16BCE4C7008F0692 /* RecipesMasterViewController.h */ = {isa = PBXFileReference; lastKnownFileType = sourcecode.c.h; path = RecipesMasterViewController.h; sourceTree = "<group>"; };
		12746D1B16BCE4C7008F0692 /* RecipesMasterViewController.m */ = {isa = PBXFileReference; lastKnownFileType = sourcecode.c.objc; path = RecipesMasterViewController.m; sourceTree = "<group>"; };
		12746D1D16BCE4C7008F0692 /* RecipesDetailViewController.h */ = {isa = PBXFileReference; lastKnownFileType = sourcecode.c.h; path = RecipesDetailViewController.h; sourceTree = "<group>"; };
		12746D1E16BCE4C7008F0692 /* RecipesDetailViewController.m */ = {isa = PBXFileReference; lastKnownFileType = sourcecode.c.objc; path = RecipesDetailViewController.m; sourceTree = "<group>"; };
/* End PBXFileReference section */

/* Begin PBXFrameworksBuildPhase section */
		12746CF816BCE4C7008F0692 /* Frameworks */ = {
			isa = PBXFrameworksBuildPhase;
			buildActionMask = 2147483647;
			files = (
				12746D0016BCE4C7008F0692 /* UIKit.framework in Frameworks */,
				12746D0216BCE4C7008F0692 /* Foundation.framework in Frameworks */,
				12746D0416BCE4C7008F0692 /* CoreGraphics.framework in Frameworks */,
			);
			runOnlyForDeploymentPostprocessing = 0;
		};
/* End PBXFrameworksBuildPhase section */

/* Begin PBXGroup section */
		12746CF016BCE4C7008F0692 = {
			isa = PBXGroup;
			children = (
				12746D0516BCE4C7008F0692 /* Recipes */,
				12746CFE16BCE4C7008F0692 /* Frameworks */,
				12746CFC16BCE4C7008F0692 /* Products */,
			);
			sourceTree = "<group>";
		};
		12746CFC16BCE4C7008F0692 /* Products */ = {
			isa = PBXGroup;
			children = (
				12746CFB16BCE4C7008F0692 /* Recipes.app */,
			);
			name = Products;
			sourceTree = "<group>";
		};
		12746CFE16BCE4C7008F0692 /* Frameworks */ = {
			isa = PBXGroup;
			children = (
				12746CFF16BCE4C7008F0692 /* UIKit.framework */,
				12746D0116BCE4C7008F0692 /* Foundation.framework */,
				12746D0316BCE4C7008F0692 /* CoreGraphics.framework */,
			);
			name = Frameworks;
			sourceTree = "<group>";
		};
		12746D0516BCE4C7008F0692 /* Recipes */ = {
			isa = PBXGroup;
			children = (
				12746D0E16BCE4C7008F0692 /* RecipesAppDelegate.h */,
				12746D0F16BCE4C7008F0692 /* RecipesAppDelegate.m */,
				12746D1716BCE4C7008F0692 /* MainStoryboard.storyboard */,
				12746D1A16BCE4C7008F0692 /* RecipesMasterViewController.h */,
				12746D1B16BCE4C7008F0692 /* RecipesMasterViewController.m */,
				12746D1D16BCE4C7008F0692 /* RecipesDetailViewController.h */,
				12746D1E16BCE4C7008F0692 /* RecipesDetailViewController.m */,
				12746D0616BCE4C7008F0692 /* Supporting Files */,
			);
			path = Recipes;
			sourceTree = "<group>";
		};
		12746D0616BCE4C7008F0692 /* Supporting Files */ = {
			isa = PBXGroup;
			children = (
				12746D0716BCE4C7008F0692 /* Recipes-Info.plist */,
				12746D0816BCE4C7008F0692 /* InfoPlist.strings */,
				12746D0B16BCE4C7008F0692 /* main.m */,
				12746D0D16BCE4C7008F0692 /* Recipes-Prefix.pch */,
				12746D1116BCE4C7008F0692 /* Default.png */,
				12746D1316BCE4C7008F0692 /* Default@2x.png */,
				12746D1516BCE4C7008F0692 /* Default-568h@2x.png */,
			);
			name = "Supporting Files";
			sourceTree = "<group>";
		};
/* End PBXGroup section */

/* Begin PBXNativeTarget section */
		12746CFA16BCE4C7008F0692 /* Recipes */ = {
			isa = PBXNativeTarget;
			buildConfigurationList = 12746D2216BCE4C7008F0692 /* Build configuration list for PBXNativeTarget "Recipes" */;
			buildPhases = (
				12746CF716BCE4C7008F0692 /* Sources */,
				12746CF816BCE4C7008F0692 /* Frameworks */,
				12746CF916BCE4C7008F0692 /* Resources */,
			);
			buildRules = (
			);
			dependencies = (
			);
			name = Recipes;
			productName = Recipes;
			productReference = 12746CFB16BCE4C7008F0692 /* Recipes.app */;
			productType = "com.apple.product-type.application";
		};
/* End PBXNativeTarget section */

/* Begin PBXProject section */
		12746CF216BCE4C7008F0692 /* Project object */ = {
			isa = PBXProject;
			attributes = {
				CLASSPREFIX = Recipes;
				LastUpgradeCheck = 0450;
				ORGANIZATIONNAME = "RVC Student";
			};
			buildConfigurationList = 12746CF516BCE4C7008F0692 /* Build configuration list for PBXProject "Recipes" */;
			compatibilityVersion = "Xcode 3.2";
			developmentRegion = English;
			hasScannedForEncodings = 0;
			knownRegions = (
				en,
			);
			mainGroup = 12746CF016BCE4C7008F0692;
			productRefGroup = 12746CFC16BCE4C7008F0692 /* Products */;
			projectDirPath = "";
			projectRoot = "";
			targets = (
				12746CFA16BCE4C7008F0692 /* Recipes */,
			);
		};
/* End PBXProject section */

/* Begin PBXResourcesBuildPhase section */
		12746CF916BCE4C7008F0692 /* Resources */ = {
			isa = PBXResourcesBuildPhase;
			buildActionMask = 2147483647;
			files = (
				12746D0A16BCE4C7008F0692 /* InfoPlist.strings in Resources */,
				12746D1216BCE4C7008F0692 /* Default.png in Resources */,
				12746D1416BCE4C7008F0692 /* Default@2x.png in Resources */,
				12746D1616BCE4C7008F0692 /* Default-568h@2x.png in Resources */,
				12746D1916BCE4C7008F0692 /* MainStoryboard.storyboard in Resources */,
			);
			runOnlyForDeploymentPostprocessing = 0;
		};
/* End PBXResourcesBuildPhase section */

/* Begin PBXSourcesBuildPhase section */
		12746CF716BCE4C7008F0692 /* Sources */ = {
			isa = PBXSourcesBuildPhase;
			buildActionMask = 2147483647;
			files = (
				12746D0C16BCE4C7008F0692 /* main.m in Sources */,
				12746D1016BCE4C7008F0692 /* RecipesAppDelegate.m in Sources */,
				12746D1C16BCE4C7008F0692 /* RecipesMasterViewController.m in Sources */,
				12746D1F16BCE4C7008F0692 /* RecipesDetailViewController.m in Sources */,
			);
			runOnlyForDeploymentPostprocessing = 0;
		};
/* End PBXSourcesBuildPhase section */

/* Begin PBXVariantGroup section */
		12746D0816BCE4C7008F0692 /* InfoPlist.strings */ = {
			isa = PBXVariantGroup;
			children = (
				12746D0916BCE4C7008F0692 /* en */,
			);
			name = InfoPlist.strings;
			sourceTree = "<group>";
		};
		12746D1716BCE4C7008F0692 /* MainStoryboard.storyboard */ = {
			isa = PBXVariantGroup;
			children = (
				12746D1816BCE4C7008F0692 /* en */,
			);
			name = MainStoryboard.storyboard;
			sourceTree = "<group>";
		};
/* End PBXVariantGroup section */

/* Begin XCBuildConfiguration section */
		12746D2016BCE4C7008F0692 /* Debug */ = {
			isa = XCBuildConfiguration;
			buildSettings = {
				ALWAYS_SEARCH_USER_PATHS = NO;
				CLANG_CXX_LANGUAGE_STANDARD = "gnu++0x";
				CLANG_CXX_LIBRARY = "libc++";
				CLANG_WARN_EMPTY_BODY = YES;
				CLANG_WARN__DUPLICATE_METHOD_MATCH = YES;
				"CODE_SIGN_IDENTITY[sdk=iphoneos*]" = "iPhone Developer";
				COPY_PHASE_STRIP = NO;
				GCC_C_LANGUAGE_STANDARD = gnu99;
				GCC_DYNAMIC_NO_PIC = NO;
				GCC_OPTIMIZATION_LEVEL = 0;
				GCC_PREPROCESSOR_DEFINITIONS = (
					"DEBUG=1",
					"$(inherited)",
				);
				GCC_SYMBOLS_PRIVATE_EXTERN = NO;
				GCC_WARN_ABOUT_RETURN_TYPE = YES;
				GCC_WARN_UNINITIALIZED_AUTOS = YES;
				GCC_WARN_UNUSED_VARIABLE = YES;
				IPHONEOS_DEPLOYMENT_TARGET = 6.0;
				ONLY_ACTIVE_ARCH = YES;
				SDKROOT = iphoneos;
				TARGETED_DEVICE_FAMILY = 2;
			};
			name = Debug;
		};
		12746D2116BCE4C7008F0692 /* Release */ = {
			isa = XCBuildConfiguration;
			buildSettings = {
				ALWAYS_SEARCH_USER_PATHS = NO;
				CLANG_CXX_LANGUAGE_STANDARD = "gnu++0x";
				CLANG_CXX_LIBRARY = "libc++";
				CLANG_WARN_EMPTY_BODY = YES;
				CLANG_WARN__DUPLICATE_METHOD_MATCH = YES;
				"CODE_SIGN_IDENTITY[sdk=iphoneos*]" = "iPhone Developer";
				COPY_PHASE_STRIP = YES;
				GCC_C_LANGUAGE_STANDARD = gnu99;
				GCC_WARN_ABOUT_RETURN_TYPE = YES;
				GCC_WARN_UNINITIALIZED_AUTOS = YES;
				GCC_WARN_UNUSED_VARIABLE = YES;
				IPHONEOS_DEPLOYMENT_TARGET = 6.0;
				OTHER_CFLAGS = "-DNS_BLOCK_ASSERTIONS=1";
				SDKROOT = iphoneos;
				TARGETED_DEVICE_FAMILY = 2;
				VALIDATE_PRODUCT = YES;
			};
			name = Release;
		};
		12746D2316BCE4C7008F0692 /* Debug */ = {
			isa = XCBuildConfiguration;
			buildSettings = {
				GCC_PRECOMPILE_PREFIX_HEADER = YES;
				GCC_PREFIX_HEADER = "Recipes/Recipes-Prefix.pch";
				INFOPLIST_FILE = "Recipes/Recipes-Info.plist";
				PRODUCT_NAME = "$(TARGET_NAME)";
				WRAPPER_EXTENSION = app;
			};
			name = Debug;
		};
		12746D2416BCE4C7008F0692 /* Release */ = {
			isa = XCBuildConfiguration;
			buildSettings = {
				GCC_PRECOMPILE_PREFIX_HEADER = YES;
				GCC_PREFIX_HEADER = "Recipes/Recipes-Prefix.pch";
				INFOPLIST_FILE = "Recipes/Recipes-Info.plist";
				PRODUCT_NAME = "$(TARGET_NAME)";
				WRAPPER_EXTENSION = app;
			};
			name = Release;
		};
/* End XCBuildConfiguration section */

/* Begin XCConfigurationList section */
		12746CF516BCE4C7008F0692 /* Build configuration list for PBXProject "Recipes" */ = {
			isa = XCConfigurationList;
			buildConfigurations = (
				12746D2016BCE4C7008F0692 /* Debug */,
				12746D2116BCE4C7008F0692 /* Release */,
			);
			defaultConfigurationIsVisible = 0;
			defaultConfigurationName = Release;
		};
		12746D2216BCE4C7008F0692 /* Build configuration list for PBXNativeTarget "Recipes" */ = {
			isa = XCConfigurationList;
			buildConfigurations = (
				12746D2316BCE4C7008F0692 /* Debug */,
				12746D2416BCE4C7008F0692 /* Release */,
			);
			defaultConfigurationIsVisible = 0;
		};
/* End XCConfigurationList section */
	};
	rootObject = 12746CF216BCE4C7008F0692 /* Project object */;
}
